
Microsoft Visual Studio Solution File, Format Version 12.00
# Visual Studio Version 17
VisualStudioVersion = 17.2.32516.85
MinimumVisualStudioVersion = 10.0.40219.1
Project("{FAE04EC0-301F-11D3-BF4B-00C04F79EFBC}") = "GradeBookOO", "GradeBookOO\GradeBookOO.csproj", "{88C09581-8E29-4C4D-B0C0-793FD2C470DA}"
EndProject
Global
	GlobalSection(SolutionConfigurationPlatforms) = preSolution
		Debug|Any CPU = Debug|Any CPU
		Release|Any CPU = Release|Any CPU
	EndGlobalSection
	GlobalSection(ProjectConfigurationPlatforms) = postSolution
		{88C09581-8E29-4C4D-B0C0-793FD2C470DA}.Debug|Any CPU.ActiveCfg = Debug|Any CPU
		{88C09581-8E29-4C4D-B0C0-793FD2C470DA}.Debug|Any CPU.Build.0 = Debug|Any CPU
		{88C09581-8E29-4C4D-B0C0-793FD2C470DA}.Release|Any CPU.ActiveCfg = Release|Any CPU
		{88C09581-8E29-4C4D-B0C0-793FD2C470DA}.Release|Any CPU.Build.0 = Release|Any CPU
	EndGlobalSection
	GlobalSection(SolutionProperties) = preSolution
		HideSolutionNode = FALSE
	EndGlobalSection
	GlobalSection(ExtensibilityGlobals) = postSolution
		SolutionGuid = {F4759107-0156-428F-A985-EEE6A903F305}
	EndGlobalSection
EndGlobal
